// !$*UTF8*$!
{
	archiveVersion = 1;
	classes = {
	};
	objectVersion = 51;
	objects = {

/* Begin PBXBuildFile section */
		5B2EBCD22469C95A00F8EAC1 /* APIItem.swift in Sources */ = {isa = PBXBuildFile; fileRef = 5B2EBCD12469C95A00F8EAC1 /* APIItem.swift */; };
		5B2EBCD42469C96400F8EAC1 /* APIItemDescription.swift in Sources */ = {isa = PBXBuildFile; fileRef = 5B2EBCD32469C96400F8EAC1 /* APIItemDescription.swift */; };
		5B2EBCD62469D75000F8EAC1 /* UIColorExt.swift in Sources */ = {isa = PBXBuildFile; fileRef = 5B2EBCD52469D75000F8EAC1 /* UIColorExt.swift */; };
		5B2EBCD92469DAF200F8EAC1 /* BaseViewController.swift in Sources */ = {isa = PBXBuildFile; fileRef = 5B2EBCD82469DAF200F8EAC1 /* BaseViewController.swift */; };
		5B7D07C924674E3E008E561A /* Coordinator.swift in Sources */ = {isa = PBXBuildFile; fileRef = 5B7D07C824674E3E008E561A /* Coordinator.swift */; };
		5B7D07CB24674EA2008E561A /* AppCoordinator.swift in Sources */ = {isa = PBXBuildFile; fileRef = 5B7D07CA24674EA2008E561A /* AppCoordinator.swift */; };
		5B7D07CD24674F65008E561A /* Router.swift in Sources */ = {isa = PBXBuildFile; fileRef = 5B7D07CC24674F65008E561A /* Router.swift */; };
		5B7D07CF24675037008E561A /* RouterImplementation.swift in Sources */ = {isa = PBXBuildFile; fileRef = 5B7D07CE24675037008E561A /* RouterImplementation.swift */; };
		5B7D07D124675539008E561A /* SearchCoordinator.swift in Sources */ = {isa = PBXBuildFile; fileRef = 5B7D07D024675539008E561A /* SearchCoordinator.swift */; };
		5B7D07D3246759EF008E561A /* SearchVM.swift in Sources */ = {isa = PBXBuildFile; fileRef = 5B7D07D2246759EF008E561A /* SearchVM.swift */; };
		5B7D07D524675E00008E561A /* SearchVMImplementation.swift in Sources */ = {isa = PBXBuildFile; fileRef = 5B7D07D424675E00008E561A /* SearchVMImplementation.swift */; };
		5B7D07DF24676DC2008E561A /* ResultsCoordinator.swift in Sources */ = {isa = PBXBuildFile; fileRef = 5B7D07DE24676DC2008E561A /* ResultsCoordinator.swift */; };
		5B7D07E124676E4A008E561A /* ResultsVM.swift in Sources */ = {isa = PBXBuildFile; fileRef = 5B7D07E024676E4A008E561A /* ResultsVM.swift */; };
		5B7D07E324676E70008E561A /* ResultsVC.swift in Sources */ = {isa = PBXBuildFile; fileRef = 5B7D07E224676E70008E561A /* ResultsVC.swift */; };
		5B7D07E524676E9A008E561A /* ResultsVMImplementation.swift in Sources */ = {isa = PBXBuildFile; fileRef = 5B7D07E424676E9A008E561A /* ResultsVMImplementation.swift */; };
		5B7D07E72467760E008E561A /* ResultItem.swift in Sources */ = {isa = PBXBuildFile; fileRef = 5B7D07E62467760E008E561A /* ResultItem.swift */; };
		5B7D07E9246776E0008E561A /* ResultItemImplementation.swift in Sources */ = {isa = PBXBuildFile; fileRef = 5B7D07E8246776E0008E561A /* ResultItemImplementation.swift */; };
		5B7D07EB24677A02008E561A /* ResultsList.swift in Sources */ = {isa = PBXBuildFile; fileRef = 5B7D07EA24677A02008E561A /* ResultsList.swift */; };
		5B7D07ED24677A0D008E561A /* ResultsListImplementation.swift in Sources */ = {isa = PBXBuildFile; fileRef = 5B7D07EC24677A0D008E561A /* ResultsListImplementation.swift */; };
		5B7D07F32467981F008E561A /* ItemCoordinator.swift in Sources */ = {isa = PBXBuildFile; fileRef = 5B7D07F22467981F008E561A /* ItemCoordinator.swift */; };
		5B7D07F524679A62008E561A /* ItemVC.swift in Sources */ = {isa = PBXBuildFile; fileRef = 5B7D07F424679A62008E561A /* ItemVC.swift */; };
		5B7D07F724679AAD008E561A /* ItemVM.swift in Sources */ = {isa = PBXBuildFile; fileRef = 5B7D07F624679AAD008E561A /* ItemVM.swift */; };
		5B7D07F924679BFE008E561A /* ItemModel.swift in Sources */ = {isa = PBXBuildFile; fileRef = 5B7D07F824679BFE008E561A /* ItemModel.swift */; };
		5B7D07FB24679C6D008E561A /* Item.swift in Sources */ = {isa = PBXBuildFile; fileRef = 5B7D07FA24679C6D008E561A /* Item.swift */; };
		5B7D07FD24679E18008E561A /* ItemVMImplementation.swift in Sources */ = {isa = PBXBuildFile; fileRef = 5B7D07FC24679E18008E561A /* ItemVMImplementation.swift */; };
		5B7D07FF2467A03F008E561A /* ItemModelImplementation.swift in Sources */ = {isa = PBXBuildFile; fileRef = 5B7D07FE2467A03F008E561A /* ItemModelImplementation.swift */; };
		5B7D08012467A1F2008E561A /* ItemImplementation.swift in Sources */ = {isa = PBXBuildFile; fileRef = 5B7D08002467A1F2008E561A /* ItemImplementation.swift */; };
		5B7D08042468503C008E561A /* OsLogExtension.swift in Sources */ = {isa = PBXBuildFile; fileRef = 5B7D08032468503C008E561A /* OsLogExtension.swift */; };
		5B7D084C2469B13B008E561A /* MeliAPI.swift in Sources */ = {isa = PBXBuildFile; fileRef = 5B7D084B2469B13B008E561A /* MeliAPI.swift */; };
		5B7D084E2469B148008E561A /* NetworkManager.swift in Sources */ = {isa = PBXBuildFile; fileRef = 5B7D084D2469B148008E561A /* NetworkManager.swift */; };
		5B7D08502469B155008E561A /* NetworkManagerImplementation.swift in Sources */ = {isa = PBXBuildFile; fileRef = 5B7D084F2469B155008E561A /* NetworkManagerImplementation.swift */; };
		5B7D08532469B169008E561A /* APISearch.swift in Sources */ = {isa = PBXBuildFile; fileRef = 5B7D08522469B169008E561A /* APISearch.swift */; };
		5B7D08552469B175008E561A /* APISearchResult.swift in Sources */ = {isa = PBXBuildFile; fileRef = 5B7D08542469B175008E561A /* APISearchResult.swift */; };
		5B7D08572469B1D7008E561A /* APIError.swift in Sources */ = {isa = PBXBuildFile; fileRef = 5B7D08562469B1D7008E561A /* APIError.swift */; };
		5BA9D01A2467011B005F8A6E /* AppDelegate.swift in Sources */ = {isa = PBXBuildFile; fileRef = 5BA9D0192467011B005F8A6E /* AppDelegate.swift */; };
		5BA9D01C2467011B005F8A6E /* SceneDelegate.swift in Sources */ = {isa = PBXBuildFile; fileRef = 5BA9D01B2467011B005F8A6E /* SceneDelegate.swift */; };
		5BA9D01E2467011B005F8A6E /* SearchVC.swift in Sources */ = {isa = PBXBuildFile; fileRef = 5BA9D01D2467011B005F8A6E /* SearchVC.swift */; };
		5BA9D0232467011C005F8A6E /* Assets.xcassets in Resources */ = {isa = PBXBuildFile; fileRef = 5BA9D0222467011C005F8A6E /* Assets.xcassets */; };
		5BA9D0262467011C005F8A6E /* LaunchScreen.storyboard in Resources */ = {isa = PBXBuildFile; fileRef = 5BA9D0242467011C005F8A6E /* LaunchScreen.storyboard */; };
		5BA9D0312467011C005F8A6E /* MeliChallengeTests.swift in Sources */ = {isa = PBXBuildFile; fileRef = 5BA9D0302467011C005F8A6E /* MeliChallengeTests.swift */; };
		9CE35CB20EE3EC4563C18CB5 /* Pods_MeliChallenge.framework in Frameworks */ = {isa = PBXBuildFile; fileRef = E5D2E7A70989391891D94A0F /* Pods_MeliChallenge.framework */; };
		AFCFAFDED119EA6146A3751F /* Pods_MeliChallengeTests.framework in Frameworks */ = {isa = PBXBuildFile; fileRef = DFA380EF741C83A89C58995B /* Pods_MeliChallengeTests.framework */; };
/* End PBXBuildFile section */

/* Begin PBXContainerItemProxy section */
		5BA9D02D2467011C005F8A6E /* PBXContainerItemProxy */ = {
			isa = PBXContainerItemProxy;
			containerPortal = 5BA9D00E2467011B005F8A6E /* Project object */;
			proxyType = 1;
			remoteGlobalIDString = 5BA9D0152467011B005F8A6E;
			remoteInfo = MeliChallenge;
		};
/* End PBXContainerItemProxy section */

/* Begin PBXFileReference section */
		11B8526C9F67D2476101D4D0 /* Pods-MeliChallengeTests.debug.xcconfig */ = {isa = PBXFileReference; includeInIndex = 1; lastKnownFileType = text.xcconfig; name = "Pods-MeliChallengeTests.debug.xcconfig"; path = "Target Support Files/Pods-MeliChallengeTests/Pods-MeliChallengeTests.debug.xcconfig"; sourceTree = "<group>"; };
		1D41588AF9C6B6B3BEC6D7A7 /* Pods-MeliChallenge.release.xcconfig */ = {isa = PBXFileReference; includeInIndex = 1; lastKnownFileType = text.xcconfig; name = "Pods-MeliChallenge.release.xcconfig"; path = "Target Support Files/Pods-MeliChallenge/Pods-MeliChallenge.release.xcconfig"; sourceTree = "<group>"; };
		53B195EC66BD4594E182BB7C /* Pods-MeliChallengeTests.release.xcconfig */ = {isa = PBXFileReference; includeInIndex = 1; lastKnownFileType = text.xcconfig; name = "Pods-MeliChallengeTests.release.xcconfig"; path = "Target Support Files/Pods-MeliChallengeTests/Pods-MeliChallengeTests.release.xcconfig"; sourceTree = "<group>"; };
		5B2EBCD12469C95A00F8EAC1 /* APIItem.swift */ = {isa = PBXFileReference; lastKnownFileType = sourcecode.swift; path = APIItem.swift; sourceTree = "<group>"; };
		5B2EBCD32469C96400F8EAC1 /* APIItemDescription.swift */ = {isa = PBXFileReference; lastKnownFileType = sourcecode.swift; path = APIItemDescription.swift; sourceTree = "<group>"; };
		5B2EBCD52469D75000F8EAC1 /* UIColorExt.swift */ = {isa = PBXFileReference; lastKnownFileType = sourcecode.swift; path = UIColorExt.swift; sourceTree = "<group>"; };
		5B2EBCD82469DAF200F8EAC1 /* BaseViewController.swift */ = {isa = PBXFileReference; lastKnownFileType = sourcecode.swift; path = BaseViewController.swift; sourceTree = "<group>"; };
		5B7D07C824674E3E008E561A /* Coordinator.swift */ = {isa = PBXFileReference; lastKnownFileType = sourcecode.swift; path = Coordinator.swift; sourceTree = "<group>"; };
		5B7D07CA24674EA2008E561A /* AppCoordinator.swift */ = {isa = PBXFileReference; lastKnownFileType = sourcecode.swift; path = AppCoordinator.swift; sourceTree = "<group>"; };
		5B7D07CC24674F65008E561A /* Router.swift */ = {isa = PBXFileReference; lastKnownFileType = sourcecode.swift; path = Router.swift; sourceTree = "<group>"; };
		5B7D07CE24675037008E561A /* RouterImplementation.swift */ = {isa = PBXFileReference; lastKnownFileType = sourcecode.swift; path = RouterImplementation.swift; sourceTree = "<group>"; };
		5B7D07D024675539008E561A /* SearchCoordinator.swift */ = {isa = PBXFileReference; lastKnownFileType = sourcecode.swift; path = SearchCoordinator.swift; sourceTree = "<group>"; };
		5B7D07D2246759EF008E561A /* SearchVM.swift */ = {isa = PBXFileReference; lastKnownFileType = sourcecode.swift; path = SearchVM.swift; sourceTree = "<group>"; };
		5B7D07D424675E00008E561A /* SearchVMImplementation.swift */ = {isa = PBXFileReference; lastKnownFileType = sourcecode.swift; path = SearchVMImplementation.swift; sourceTree = "<group>"; };
		5B7D07DE24676DC2008E561A /* ResultsCoordinator.swift */ = {isa = PBXFileReference; lastKnownFileType = sourcecode.swift; path = ResultsCoordinator.swift; sourceTree = "<group>"; };
		5B7D07E024676E4A008E561A /* ResultsVM.swift */ = {isa = PBXFileReference; lastKnownFileType = sourcecode.swift; path = ResultsVM.swift; sourceTree = "<group>"; };
		5B7D07E224676E70008E561A /* ResultsVC.swift */ = {isa = PBXFileReference; lastKnownFileType = sourcecode.swift; path = ResultsVC.swift; sourceTree = "<group>"; };
		5B7D07E424676E9A008E561A /* ResultsVMImplementation.swift */ = {isa = PBXFileReference; lastKnownFileType = sourcecode.swift; path = ResultsVMImplementation.swift; sourceTree = "<group>"; };
		5B7D07E62467760E008E561A /* ResultItem.swift */ = {isa = PBXFileReference; lastKnownFileType = sourcecode.swift; path = ResultItem.swift; sourceTree = "<group>"; };
		5B7D07E8246776E0008E561A /* ResultItemImplementation.swift */ = {isa = PBXFileReference; lastKnownFileType = sourcecode.swift; path = ResultItemImplementation.swift; sourceTree = "<group>"; };
		5B7D07EA24677A02008E561A /* ResultsList.swift */ = {isa = PBXFileReference; lastKnownFileType = sourcecode.swift; path = ResultsList.swift; sourceTree = "<group>"; };
		5B7D07EC24677A0D008E561A /* ResultsListImplementation.swift */ = {isa = PBXFileReference; lastKnownFileType = sourcecode.swift; path = ResultsListImplementation.swift; sourceTree = "<group>"; };
		5B7D07F22467981F008E561A /* ItemCoordinator.swift */ = {isa = PBXFileReference; lastKnownFileType = sourcecode.swift; path = ItemCoordinator.swift; sourceTree = "<group>"; };
		5B7D07F424679A62008E561A /* ItemVC.swift */ = {isa = PBXFileReference; lastKnownFileType = sourcecode.swift; path = ItemVC.swift; sourceTree = "<group>"; };
		5B7D07F624679AAD008E561A /* ItemVM.swift */ = {isa = PBXFileReference; lastKnownFileType = sourcecode.swift; path = ItemVM.swift; sourceTree = "<group>"; };
		5B7D07F824679BFE008E561A /* ItemModel.swift */ = {isa = PBXFileReference; lastKnownFileType = sourcecode.swift; path = ItemModel.swift; sourceTree = "<group>"; };
		5B7D07FA24679C6D008E561A /* Item.swift */ = {isa = PBXFileReference; lastKnownFileType = sourcecode.swift; path = Item.swift; sourceTree = "<group>"; };
		5B7D07FC24679E18008E561A /* ItemVMImplementation.swift */ = {isa = PBXFileReference; lastKnownFileType = sourcecode.swift; path = ItemVMImplementation.swift; sourceTree = "<group>"; };
		5B7D07FE2467A03F008E561A /* ItemModelImplementation.swift */ = {isa = PBXFileReference; lastKnownFileType = sourcecode.swift; path = ItemModelImplementation.swift; sourceTree = "<group>"; };
		5B7D08002467A1F2008E561A /* ItemImplementation.swift */ = {isa = PBXFileReference; lastKnownFileType = sourcecode.swift; path = ItemImplementation.swift; sourceTree = "<group>"; };
		5B7D08032468503C008E561A /* OsLogExtension.swift */ = {isa = PBXFileReference; lastKnownFileType = sourcecode.swift; path = OsLogExtension.swift; sourceTree = "<group>"; };
		5B7D084B2469B13B008E561A /* MeliAPI.swift */ = {isa = PBXFileReference; lastKnownFileType = sourcecode.swift; path = MeliAPI.swift; sourceTree = "<group>"; };
		5B7D084D2469B148008E561A /* NetworkManager.swift */ = {isa = PBXFileReference; lastKnownFileType = sourcecode.swift; path = NetworkManager.swift; sourceTree = "<group>"; };
		5B7D084F2469B155008E561A /* NetworkManagerImplementation.swift */ = {isa = PBXFileReference; lastKnownFileType = sourcecode.swift; path = NetworkManagerImplementation.swift; sourceTree = "<group>"; };
		5B7D08522469B169008E561A /* APISearch.swift */ = {isa = PBXFileReference; lastKnownFileType = sourcecode.swift; path = APISearch.swift; sourceTree = "<group>"; };
		5B7D08542469B175008E561A /* APISearchResult.swift */ = {isa = PBXFileReference; lastKnownFileType = sourcecode.swift; path = APISearchResult.swift; sourceTree = "<group>"; };
		5B7D08562469B1D7008E561A /* APIError.swift */ = {isa = PBXFileReference; lastKnownFileType = sourcecode.swift; path = APIError.swift; sourceTree = "<group>"; };
		5BA9D0162467011B005F8A6E /* MeliChallenge.app */ = {isa = PBXFileReference; explicitFileType = wrapper.application; includeInIndex = 0; path = MeliChallenge.app; sourceTree = BUILT_PRODUCTS_DIR; };
		5BA9D0192467011B005F8A6E /* AppDelegate.swift */ = {isa = PBXFileReference; lastKnownFileType = sourcecode.swift; path = AppDelegate.swift; sourceTree = "<group>"; };
		5BA9D01B2467011B005F8A6E /* SceneDelegate.swift */ = {isa = PBXFileReference; lastKnownFileType = sourcecode.swift; path = SceneDelegate.swift; sourceTree = "<group>"; };
		5BA9D01D2467011B005F8A6E /* SearchVC.swift */ = {isa = PBXFileReference; lastKnownFileType = sourcecode.swift; path = SearchVC.swift; sourceTree = "<group>"; };
		5BA9D0222467011C005F8A6E /* Assets.xcassets */ = {isa = PBXFileReference; lastKnownFileType = folder.assetcatalog; path = Assets.xcassets; sourceTree = "<group>"; };
		5BA9D0252467011C005F8A6E /* Base */ = {isa = PBXFileReference; lastKnownFileType = file.storyboard; name = Base; path = Base.lproj/LaunchScreen.storyboard; sourceTree = "<group>"; };
		5BA9D0272467011C005F8A6E /* Info.plist */ = {isa = PBXFileReference; lastKnownFileType = text.plist.xml; path = Info.plist; sourceTree = "<group>"; };
		5BA9D02C2467011C005F8A6E /* MeliChallengeTests.xctest */ = {isa = PBXFileReference; explicitFileType = wrapper.cfbundle; includeInIndex = 0; path = MeliChallengeTests.xctest; sourceTree = BUILT_PRODUCTS_DIR; };
		5BA9D0302467011C005F8A6E /* MeliChallengeTests.swift */ = {isa = PBXFileReference; lastKnownFileType = sourcecode.swift; path = MeliChallengeTests.swift; sourceTree = "<group>"; };
		5BA9D0322467011C005F8A6E /* Info.plist */ = {isa = PBXFileReference; lastKnownFileType = text.plist.xml; path = Info.plist; sourceTree = "<group>"; };
		DFA380EF741C83A89C58995B /* Pods_MeliChallengeTests.framework */ = {isa = PBXFileReference; explicitFileType = wrapper.framework; includeInIndex = 0; path = Pods_MeliChallengeTests.framework; sourceTree = BUILT_PRODUCTS_DIR; };
		E5D2E7A70989391891D94A0F /* Pods_MeliChallenge.framework */ = {isa = PBXFileReference; explicitFileType = wrapper.framework; includeInIndex = 0; path = Pods_MeliChallenge.framework; sourceTree = BUILT_PRODUCTS_DIR; };
		F54BB9DBD72007A96E1D297E /* Pods-MeliChallenge.debug.xcconfig */ = {isa = PBXFileReference; includeInIndex = 1; lastKnownFileType = text.xcconfig; name = "Pods-MeliChallenge.debug.xcconfig"; path = "Target Support Files/Pods-MeliChallenge/Pods-MeliChallenge.debug.xcconfig"; sourceTree = "<group>"; };
/* End PBXFileReference section */

/* Begin PBXFrameworksBuildPhase section */
		5BA9D0132467011B005F8A6E /* Frameworks */ = {
			isa = PBXFrameworksBuildPhase;
			buildActionMask = 2147483647;
			files = (
				9CE35CB20EE3EC4563C18CB5 /* Pods_MeliChallenge.framework in Frameworks */,
			);
			runOnlyForDeploymentPostprocessing = 0;
		};
		5BA9D0292467011C005F8A6E /* Frameworks */ = {
			isa = PBXFrameworksBuildPhase;
			buildActionMask = 2147483647;
			files = (
				AFCFAFDED119EA6146A3751F /* Pods_MeliChallengeTests.framework in Frameworks */,
			);
			runOnlyForDeploymentPostprocessing = 0;
		};
/* End PBXFrameworksBuildPhase section */

/* Begin PBXGroup section */
		2D772ABB34620816078BB240 /* Pods */ = {
			isa = PBXGroup;
			children = (
				F54BB9DBD72007A96E1D297E /* Pods-MeliChallenge.debug.xcconfig */,
				1D41588AF9C6B6B3BEC6D7A7 /* Pods-MeliChallenge.release.xcconfig */,
				11B8526C9F67D2476101D4D0 /* Pods-MeliChallengeTests.debug.xcconfig */,
				53B195EC66BD4594E182BB7C /* Pods-MeliChallengeTests.release.xcconfig */,
			);
			path = Pods;
			sourceTree = "<group>";
		};
		3959886A05C702BCFD88390D /* Frameworks */ = {
			isa = PBXGroup;
			children = (
				E5D2E7A70989391891D94A0F /* Pods_MeliChallenge.framework */,
				DFA380EF741C83A89C58995B /* Pods_MeliChallengeTests.framework */,
			);
			name = Frameworks;
			sourceTree = "<group>";
		};
		5B2EBCD72469DADF00F8EAC1 /* UI */ = {
			isa = PBXGroup;
			children = (
				5B2EBCD82469DAF200F8EAC1 /* BaseViewController.swift */,
			);
			path = UI;
			sourceTree = "<group>";
		};
		5B7D07C324674DAF008E561A /* View */ = {
			isa = PBXGroup;
			children = (
				5B2EBCD72469DADF00F8EAC1 /* UI */,
				5B7D07D8246763A8008E561A /* Search */,
				5B7D07DB24676D95008E561A /* Results */,
				5B7D07F1246797E6008E561A /* Item */,
			);
			path = View;
			sourceTree = "<group>";
		};
		5B7D07C424674DB5008E561A /* Model */ = {
			isa = PBXGroup;
			children = (
				5B7D07DC24676D9F008E561A /* Results */,
				5B7D07F0246797DF008E561A /* Item */,
			);
			path = Model;
			sourceTree = "<group>";
		};
		5B7D07C524674DBB008E561A /* ViewModel */ = {
			isa = PBXGroup;
			children = (
				5B7D07D7246763A1008E561A /* Search */,
				5B7D07DA24676D8B008E561A /* Results */,
				5B7D07EF246797D5008E561A /* Item */,
			);
			path = ViewModel;
			sourceTree = "<group>";
		};
		5B7D07C624674DC4008E561A /* SupportingFiles */ = {
			isa = PBXGroup;
			children = (
				5BA9D0192467011B005F8A6E /* AppDelegate.swift */,
				5BA9D01B2467011B005F8A6E /* SceneDelegate.swift */,
			);
			path = SupportingFiles;
			sourceTree = "<group>";
		};
		5B7D07C724674E06008E561A /* Coordinator */ = {
			isa = PBXGroup;
			children = (
				5B7D07C824674E3E008E561A /* Coordinator.swift */,
				5B7D07CC24674F65008E561A /* Router.swift */,
				5B7D07CE24675037008E561A /* RouterImplementation.swift */,
				5B7D07CA24674EA2008E561A /* AppCoordinator.swift */,
				5B7D07D62467639A008E561A /* Search */,
				5B7D07D924676D68008E561A /* Results */,
				5B7D07EE246797B0008E561A /* Item */,
			);
			path = Coordinator;
			sourceTree = "<group>";
		};
		5B7D07D62467639A008E561A /* Search */ = {
			isa = PBXGroup;
			children = (
				5B7D07D024675539008E561A /* SearchCoordinator.swift */,
			);
			path = Search;
			sourceTree = "<group>";
		};
		5B7D07D7246763A1008E561A /* Search */ = {
			isa = PBXGroup;
			children = (
				5B7D07D2246759EF008E561A /* SearchVM.swift */,
				5B7D07D424675E00008E561A /* SearchVMImplementation.swift */,
			);
			path = Search;
			sourceTree = "<group>";
		};
		5B7D07D8246763A8008E561A /* Search */ = {
			isa = PBXGroup;
			children = (
				5BA9D01D2467011B005F8A6E /* SearchVC.swift */,
			);
			path = Search;
			sourceTree = "<group>";
		};
		5B7D07D924676D68008E561A /* Results */ = {
			isa = PBXGroup;
			children = (
				5B7D07DE24676DC2008E561A /* ResultsCoordinator.swift */,
			);
			path = Results;
			sourceTree = "<group>";
		};
		5B7D07DA24676D8B008E561A /* Results */ = {
			isa = PBXGroup;
			children = (
				5B7D07E024676E4A008E561A /* ResultsVM.swift */,
				5B7D07E424676E9A008E561A /* ResultsVMImplementation.swift */,
			);
			path = Results;
			sourceTree = "<group>";
		};
		5B7D07DB24676D95008E561A /* Results */ = {
			isa = PBXGroup;
			children = (
				5B7D07E224676E70008E561A /* ResultsVC.swift */,
			);
			path = Results;
			sourceTree = "<group>";
		};
		5B7D07DC24676D9F008E561A /* Results */ = {
			isa = PBXGroup;
			children = (
				5B7D07E62467760E008E561A /* ResultItem.swift */,
				5B7D07E8246776E0008E561A /* ResultItemImplementation.swift */,
				5B7D07EA24677A02008E561A /* ResultsList.swift */,
				5B7D07EC24677A0D008E561A /* ResultsListImplementation.swift */,
			);
			path = Results;
			sourceTree = "<group>";
		};
		5B7D07EE246797B0008E561A /* Item */ = {
			isa = PBXGroup;
			children = (
				5B7D07F22467981F008E561A /* ItemCoordinator.swift */,
			);
			path = Item;
			sourceTree = "<group>";
		};
		5B7D07EF246797D5008E561A /* Item */ = {
			isa = PBXGroup;
			children = (
				5B7D07F624679AAD008E561A /* ItemVM.swift */,
				5B7D07FC24679E18008E561A /* ItemVMImplementation.swift */,
			);
			path = Item;
			sourceTree = "<group>";
		};
		5B7D07F0246797DF008E561A /* Item */ = {
			isa = PBXGroup;
			children = (
				5B7D07F824679BFE008E561A /* ItemModel.swift */,
				5B7D07FA24679C6D008E561A /* Item.swift */,
				5B7D07FE2467A03F008E561A /* ItemModelImplementation.swift */,
				5B7D08002467A1F2008E561A /* ItemImplementation.swift */,
			);
			path = Item;
			sourceTree = "<group>";
		};
		5B7D07F1246797E6008E561A /* Item */ = {
			isa = PBXGroup;
			children = (
				5B7D07F424679A62008E561A /* ItemVC.swift */,
			);
			path = Item;
			sourceTree = "<group>";
		};
		5B7D080224684FFC008E561A /* Utils */ = {
			isa = PBXGroup;
			children = (
				5B7D08032468503C008E561A /* OsLogExtension.swift */,
				5B2EBCD52469D75000F8EAC1 /* UIColorExt.swift */,
			);
			path = Utils;
			sourceTree = "<group>";
		};
		5B7D084A2469B116008E561A /* Services */ = {
			isa = PBXGroup;
			children = (
				5B7D08512469B15D008E561A /* Models */,
				5B7D084B2469B13B008E561A /* MeliAPI.swift */,
				5B7D084D2469B148008E561A /* NetworkManager.swift */,
				5B7D084F2469B155008E561A /* NetworkManagerImplementation.swift */,
			);
			path = Services;
			sourceTree = "<group>";
		};
		5B7D08512469B15D008E561A /* Models */ = {
			isa = PBXGroup;
			children = (
				5B7D08522469B169008E561A /* APISearch.swift */,
				5B7D08542469B175008E561A /* APISearchResult.swift */,
				5B7D08562469B1D7008E561A /* APIError.swift */,
				5B2EBCD12469C95A00F8EAC1 /* APIItem.swift */,
				5B2EBCD32469C96400F8EAC1 /* APIItemDescription.swift */,
			);
			path = Models;
			sourceTree = "<group>";
		};
		5BA9D00D2467011B005F8A6E = {
			isa = PBXGroup;
			children = (
				5BA9D0182467011B005F8A6E /* MeliChallenge */,
				5BA9D02F2467011C005F8A6E /* MeliChallengeTests */,
				5BA9D0172467011B005F8A6E /* Products */,
				2D772ABB34620816078BB240 /* Pods */,
				3959886A05C702BCFD88390D /* Frameworks */,
			);
			sourceTree = "<group>";
		};
		5BA9D0172467011B005F8A6E /* Products */ = {
			isa = PBXGroup;
			children = (
				5BA9D0162467011B005F8A6E /* MeliChallenge.app */,
				5BA9D02C2467011C005F8A6E /* MeliChallengeTests.xctest */,
			);
			name = Products;
			sourceTree = "<group>";
		};
		5BA9D0182467011B005F8A6E /* MeliChallenge */ = {
			isa = PBXGroup;
			children = (
				5B7D07C724674E06008E561A /* Coordinator */,
				5B7D07C524674DBB008E561A /* ViewModel */,
				5B7D07C424674DB5008E561A /* Model */,
				5B7D07C324674DAF008E561A /* View */,
				5B7D084A2469B116008E561A /* Services */,
				5B7D07C624674DC4008E561A /* SupportingFiles */,
				5B7D080224684FFC008E561A /* Utils */,
				5BA9D0242467011C005F8A6E /* LaunchScreen.storyboard */,
				5BA9D0222467011C005F8A6E /* Assets.xcassets */,
				5BA9D0272467011C005F8A6E /* Info.plist */,
			);
			path = MeliChallenge;
			sourceTree = "<group>";
		};
		5BA9D02F2467011C005F8A6E /* MeliChallengeTests */ = {
			isa = PBXGroup;
			children = (
				5BA9D0302467011C005F8A6E /* MeliChallengeTests.swift */,
				5BA9D0322467011C005F8A6E /* Info.plist */,
			);
			path = MeliChallengeTests;
			sourceTree = "<group>";
		};
/* End PBXGroup section */

/* Begin PBXNativeTarget section */
		5BA9D0152467011B005F8A6E /* MeliChallenge */ = {
			isa = PBXNativeTarget;
			buildConfigurationList = 5BA9D0352467011C005F8A6E /* Build configuration list for PBXNativeTarget "MeliChallenge" */;
			buildPhases = (
				8A53FD0072243127CB9FE2C2 /* [CP] Check Pods Manifest.lock */,
				5BA9D0122467011B005F8A6E /* Sources */,
				5BA9D0132467011B005F8A6E /* Frameworks */,
				5BA9D0142467011B005F8A6E /* Resources */,
				70453AD4102FACC43BB81F92 /* [CP] Embed Pods Frameworks */,
			);
			buildRules = (
			);
			dependencies = (
			);
			name = MeliChallenge;
			productName = MeliChallenge;
			productReference = 5BA9D0162467011B005F8A6E /* MeliChallenge.app */;
			productType = "com.apple.product-type.application";
		};
		5BA9D02B2467011C005F8A6E /* MeliChallengeTests */ = {
			isa = PBXNativeTarget;
			buildConfigurationList = 5BA9D0382467011C005F8A6E /* Build configuration list for PBXNativeTarget "MeliChallengeTests" */;
			buildPhases = (
				A23C62B0DF801E1F4FC92264 /* [CP] Check Pods Manifest.lock */,
				5BA9D0282467011C005F8A6E /* Sources */,
				5BA9D0292467011C005F8A6E /* Frameworks */,
				5BA9D02A2467011C005F8A6E /* Resources */,
			);
			buildRules = (
			);
			dependencies = (
				5BA9D02E2467011C005F8A6E /* PBXTargetDependency */,
			);
			name = MeliChallengeTests;
			productName = MeliChallengeTests;
			productReference = 5BA9D02C2467011C005F8A6E /* MeliChallengeTests.xctest */;
			productType = "com.apple.product-type.bundle.unit-test";
		};
/* End PBXNativeTarget section */

/* Begin PBXProject section */
		5BA9D00E2467011B005F8A6E /* Project object */ = {
			isa = PBXProject;
			attributes = {
				LastSwiftUpdateCheck = 1140;
				LastUpgradeCheck = 1140;
				ORGANIZATIONNAME = "Martin Victory";
				TargetAttributes = {
					5BA9D0152467011B005F8A6E = {
						CreatedOnToolsVersion = 11.4.1;
					};
					5BA9D02B2467011C005F8A6E = {
						CreatedOnToolsVersion = 11.4.1;
						TestTargetID = 5BA9D0152467011B005F8A6E;
					};
				};
			};
			buildConfigurationList = 5BA9D0112467011B005F8A6E /* Build configuration list for PBXProject "MeliChallenge" */;
			compatibilityVersion = "Xcode 9.3";
			developmentRegion = en;
			hasScannedForEncodings = 0;
			knownRegions = (
				en,
				Base,
			);
			mainGroup = 5BA9D00D2467011B005F8A6E;
			productRefGroup = 5BA9D0172467011B005F8A6E /* Products */;
			projectDirPath = "";
			projectRoot = "";
			targets = (
				5BA9D0152467011B005F8A6E /* MeliChallenge */,
				5BA9D02B2467011C005F8A6E /* MeliChallengeTests */,
			);
		};
/* End PBXProject section */

/* Begin PBXResourcesBuildPhase section */
		5BA9D0142467011B005F8A6E /* Resources */ = {
			isa = PBXResourcesBuildPhase;
			buildActionMask = 2147483647;
			files = (
				5BA9D0262467011C005F8A6E /* LaunchScreen.storyboard in Resources */,
				5BA9D0232467011C005F8A6E /* Assets.xcassets in Resources */,
			);
			runOnlyForDeploymentPostprocessing = 0;
		};
		5BA9D02A2467011C005F8A6E /* Resources */ = {
			isa = PBXResourcesBuildPhase;
			buildActionMask = 2147483647;
			files = (
			);
			runOnlyForDeploymentPostprocessing = 0;
		};
/* End PBXResourcesBuildPhase section */

/* Begin PBXShellScriptBuildPhase section */
		70453AD4102FACC43BB81F92 /* [CP] Embed Pods Frameworks */ = {
			isa = PBXShellScriptBuildPhase;
			buildActionMask = 2147483647;
			files = (
			);
			inputFileListPaths = (
				"${PODS_ROOT}/Target Support Files/Pods-MeliChallenge/Pods-MeliChallenge-frameworks-${CONFIGURATION}-input-files.xcfilelist",
			);
			name = "[CP] Embed Pods Frameworks";
			outputFileListPaths = (
				"${PODS_ROOT}/Target Support Files/Pods-MeliChallenge/Pods-MeliChallenge-frameworks-${CONFIGURATION}-output-files.xcfilelist",
			);
			runOnlyForDeploymentPostprocessing = 0;
			shellPath = /bin/sh;
			shellScript = "\"${PODS_ROOT}/Target Support Files/Pods-MeliChallenge/Pods-MeliChallenge-frameworks.sh\"\n";
			showEnvVarsInLog = 0;
		};
		8A53FD0072243127CB9FE2C2 /* [CP] Check Pods Manifest.lock */ = {
			isa = PBXShellScriptBuildPhase;
			buildActionMask = 2147483647;
			files = (
			);
			inputFileListPaths = (
			);
			inputPaths = (
				"${PODS_PODFILE_DIR_PATH}/Podfile.lock",
				"${PODS_ROOT}/Manifest.lock",
			);
			name = "[CP] Check Pods Manifest.lock";
			outputFileListPaths = (
			);
			outputPaths = (
				"$(DERIVED_FILE_DIR)/Pods-MeliChallenge-checkManifestLockResult.txt",
			);
			runOnlyForDeploymentPostprocessing = 0;
			shellPath = /bin/sh;
			shellScript = "diff \"${PODS_PODFILE_DIR_PATH}/Podfile.lock\" \"${PODS_ROOT}/Manifest.lock\" > /dev/null\nif [ $? != 0 ] ; then\n    # print error to STDERR\n    echo \"error: The sandbox is not in sync with the Podfile.lock. Run 'pod install' or update your CocoaPods installation.\" >&2\n    exit 1\nfi\n# This output is used by Xcode 'outputs' to avoid re-running this script phase.\necho \"SUCCESS\" > \"${SCRIPT_OUTPUT_FILE_0}\"\n";
			showEnvVarsInLog = 0;
		};
		A23C62B0DF801E1F4FC92264 /* [CP] Check Pods Manifest.lock */ = {
			isa = PBXShellScriptBuildPhase;
			buildActionMask = 2147483647;
			files = (
			);
			inputFileListPaths = (
			);
			inputPaths = (
				"${PODS_PODFILE_DIR_PATH}/Podfile.lock",
				"${PODS_ROOT}/Manifest.lock",
			);
			name = "[CP] Check Pods Manifest.lock";
			outputFileListPaths = (
			);
			outputPaths = (
				"$(DERIVED_FILE_DIR)/Pods-MeliChallengeTests-checkManifestLockResult.txt",
			);
			runOnlyForDeploymentPostprocessing = 0;
			shellPath = /bin/sh;
			shellScript = "diff \"${PODS_PODFILE_DIR_PATH}/Podfile.lock\" \"${PODS_ROOT}/Manifest.lock\" > /dev/null\nif [ $? != 0 ] ; then\n    # print error to STDERR\n    echo \"error: The sandbox is not in sync with the Podfile.lock. Run 'pod install' or update your CocoaPods installation.\" >&2\n    exit 1\nfi\n# This output is used by Xcode 'outputs' to avoid re-running this script phase.\necho \"SUCCESS\" > \"${SCRIPT_OUTPUT_FILE_0}\"\n";
			showEnvVarsInLog = 0;
		};
/* End PBXShellScriptBuildPhase section */

/* Begin PBXSourcesBuildPhase section */
		5BA9D0122467011B005F8A6E /* Sources */ = {
			isa = PBXSourcesBuildPhase;
			buildActionMask = 2147483647;
			files = (
				5B7D07D524675E00008E561A /* SearchVMImplementation.swift in Sources */,
				5B7D08042468503C008E561A /* OsLogExtension.swift in Sources */,
				5B7D07C924674E3E008E561A /* Coordinator.swift in Sources */,
				5B7D07FF2467A03F008E561A /* ItemModelImplementation.swift in Sources */,
				5BA9D01E2467011B005F8A6E /* SearchVC.swift in Sources */,
				5B2EBCD22469C95A00F8EAC1 /* APIItem.swift in Sources */,
				5B7D07CB24674EA2008E561A /* AppCoordinator.swift in Sources */,
				5B7D07F924679BFE008E561A /* ItemModel.swift in Sources */,
				5B7D07D3246759EF008E561A /* SearchVM.swift in Sources */,
				5B7D07FB24679C6D008E561A /* Item.swift in Sources */,
				5BA9D01A2467011B005F8A6E /* AppDelegate.swift in Sources */,
				5B2EBCD92469DAF200F8EAC1 /* BaseViewController.swift in Sources */,
				5B7D07F32467981F008E561A /* ItemCoordinator.swift in Sources */,
				5B7D07E72467760E008E561A /* ResultItem.swift in Sources */,
				5B2EBCD62469D75000F8EAC1 /* UIColorExt.swift in Sources */,
				5B7D07EB24677A02008E561A /* ResultsList.swift in Sources */,
				5B7D07D124675539008E561A /* SearchCoordinator.swift in Sources */,
				5B7D084E2469B148008E561A /* NetworkManager.swift in Sources */,
				5B7D08532469B169008E561A /* APISearch.swift in Sources */,
				5B7D07E324676E70008E561A /* ResultsVC.swift in Sources */,
				5B7D08502469B155008E561A /* NetworkManagerImplementation.swift in Sources */,
				5B7D07FD24679E18008E561A /* ItemVMImplementation.swift in Sources */,
				5B7D07ED24677A0D008E561A /* ResultsListImplementation.swift in Sources */,
				5B7D084C2469B13B008E561A /* MeliAPI.swift in Sources */,
				5B7D08012467A1F2008E561A /* ItemImplementation.swift in Sources */,
				5B7D07DF24676DC2008E561A /* ResultsCoordinator.swift in Sources */,
				5B7D07F724679AAD008E561A /* ItemVM.swift in Sources */,
				5B7D07E524676E9A008E561A /* ResultsVMImplementation.swift in Sources */,
				5B7D07CD24674F65008E561A /* Router.swift in Sources */,
				5B7D07CF24675037008E561A /* RouterImplementation.swift in Sources */,
				5BA9D01C2467011B005F8A6E /* SceneDelegate.swift in Sources */,
				5B7D07E9246776E0008E561A /* ResultItemImplementation.swift in Sources */,
				5B7D07E124676E4A008E561A /* ResultsVM.swift in Sources */,
				5B7D07F524679A62008E561A /* ItemVC.swift in Sources */,
				5B2EBCD42469C96400F8EAC1 /* APIItemDescription.swift in Sources */,
				5B7D08552469B175008E561A /* APISearchResult.swift in Sources */,
				5B7D08572469B1D7008E561A /* APIError.swift in Sources */,
			);
			runOnlyForDeploymentPostprocessing = 0;
		};
		5BA9D0282467011C005F8A6E /* Sources */ = {
			isa = PBXSourcesBuildPhase;
			buildActionMask = 2147483647;
			files = (
				5BA9D0312467011C005F8A6E /* MeliChallengeTests.swift in Sources */,
			);
			runOnlyForDeploymentPostprocessing = 0;
		};
/* End PBXSourcesBuildPhase section */

/* Begin PBXTargetDependency section */
		5BA9D02E2467011C005F8A6E /* PBXTargetDependency */ = {
			isa = PBXTargetDependency;
			target = 5BA9D0152467011B005F8A6E /* MeliChallenge */;
			targetProxy = 5BA9D02D2467011C005F8A6E /* PBXContainerItemProxy */;
		};
/* End PBXTargetDependency section */

/* Begin PBXVariantGroup section */
		5BA9D0242467011C005F8A6E /* LaunchScreen.storyboard */ = {
			isa = PBXVariantGroup;
			children = (
				5BA9D0252467011C005F8A6E /* Base */,
			);
			name = LaunchScreen.storyboard;
			sourceTree = "<group>";
		};
/* End PBXVariantGroup section */

/* Begin XCBuildConfiguration section */
		5BA9D0332467011C005F8A6E /* Debug */ = {
			isa = XCBuildConfiguration;
			buildSettings = {
				ALWAYS_SEARCH_USER_PATHS = NO;
				CLANG_ANALYZER_NONNULL = YES;
				CLANG_ANALYZER_NUMBER_OBJECT_CONVERSION = YES_AGGRESSIVE;
				CLANG_CXX_LANGUAGE_STANDARD = "gnu++14";
				CLANG_CXX_LIBRARY = "libc++";
				CLANG_ENABLE_MODULES = YES;
				CLANG_ENABLE_OBJC_ARC = YES;
				CLANG_ENABLE_OBJC_WEAK = YES;
				CLANG_WARN_BLOCK_CAPTURE_AUTORELEASING = YES;
				CLANG_WARN_BOOL_CONVERSION = YES;
				CLANG_WARN_COMMA = YES;
				CLANG_WARN_CONSTANT_CONVERSION = YES;
				CLANG_WARN_DEPRECATED_OBJC_IMPLEMENTATIONS = YES;
				CLANG_WARN_DIRECT_OBJC_ISA_USAGE = YES_ERROR;
				CLANG_WARN_DOCUMENTATION_COMMENTS = YES;
				CLANG_WARN_EMPTY_BODY = YES;
				CLANG_WARN_ENUM_CONVERSION = YES;
				CLANG_WARN_INFINITE_RECURSION = YES;
				CLANG_WARN_INT_CONVERSION = YES;
				CLANG_WARN_NON_LITERAL_NULL_CONVERSION = YES;
				CLANG_WARN_OBJC_IMPLICIT_RETAIN_SELF = YES;
				CLANG_WARN_OBJC_LITERAL_CONVERSION = YES;
				CLANG_WARN_OBJC_ROOT_CLASS = YES_ERROR;
				CLANG_WARN_RANGE_LOOP_ANALYSIS = YES;
				CLANG_WARN_STRICT_PROTOTYPES = YES;
				CLANG_WARN_SUSPICIOUS_MOVE = YES;
				CLANG_WARN_UNGUARDED_AVAILABILITY = YES_AGGRESSIVE;
				CLANG_WARN_UNREACHABLE_CODE = YES;
				CLANG_WARN__DUPLICATE_METHOD_MATCH = YES;
				COPY_PHASE_STRIP = NO;
				DEBUG_INFORMATION_FORMAT = dwarf;
				ENABLE_STRICT_OBJC_MSGSEND = YES;
				ENABLE_TESTABILITY = YES;
				GCC_C_LANGUAGE_STANDARD = gnu11;
				GCC_DYNAMIC_NO_PIC = NO;
				GCC_NO_COMMON_BLOCKS = YES;
				GCC_OPTIMIZATION_LEVEL = 0;
				GCC_PREPROCESSOR_DEFINITIONS = (
					"DEBUG=1",
					"$(inherited)",
				);
				GCC_WARN_64_TO_32_BIT_CONVERSION = YES;
				GCC_WARN_ABOUT_RETURN_TYPE = YES_ERROR;
				GCC_WARN_UNDECLARED_SELECTOR = YES;
				GCC_WARN_UNINITIALIZED_AUTOS = YES_AGGRESSIVE;
				GCC_WARN_UNUSED_FUNCTION = YES;
				GCC_WARN_UNUSED_VARIABLE = YES;
				IPHONEOS_DEPLOYMENT_TARGET = 13.4;
				MTL_ENABLE_DEBUG_INFO = INCLUDE_SOURCE;
				MTL_FAST_MATH = YES;
				ONLY_ACTIVE_ARCH = YES;
				SDKROOT = iphoneos;
				SWIFT_ACTIVE_COMPILATION_CONDITIONS = DEBUG;
				SWIFT_OPTIMIZATION_LEVEL = "-Onone";
			};
			name = Debug;
		};
		5BA9D0342467011C005F8A6E /* Release */ = {
			isa = XCBuildConfiguration;
			buildSettings = {
				ALWAYS_SEARCH_USER_PATHS = NO;
				CLANG_ANALYZER_NONNULL = YES;
				CLANG_ANALYZER_NUMBER_OBJECT_CONVERSION = YES_AGGRESSIVE;
				CLANG_CXX_LANGUAGE_STANDARD = "gnu++14";
				CLANG_CXX_LIBRARY = "libc++";
				CLANG_ENABLE_MODULES = YES;
				CLANG_ENABLE_OBJC_ARC = YES;
				CLANG_ENABLE_OBJC_WEAK = YES;
				CLANG_WARN_BLOCK_CAPTURE_AUTORELEASING = YES;
				CLANG_WARN_BOOL_CONVERSION = YES;
				CLANG_WARN_COMMA = YES;
				CLANG_WARN_CONSTANT_CONVERSION = YES;
				CLANG_WARN_DEPRECATED_OBJC_IMPLEMENTATIONS = YES;
				CLANG_WARN_DIRECT_OBJC_ISA_USAGE = YES_ERROR;
				CLANG_WARN_DOCUMENTATION_COMMENTS = YES;
				CLANG_WARN_EMPTY_BODY = YES;
				CLANG_WARN_ENUM_CONVERSION = YES;
				CLANG_WARN_INFINITE_RECURSION = YES;
				CLANG_WARN_INT_CONVERSION = YES;
				CLANG_WARN_NON_LITERAL_NULL_CONVERSION = YES;
				CLANG_WARN_OBJC_IMPLICIT_RETAIN_SELF = YES;
				CLANG_WARN_OBJC_LITERAL_CONVERSION = YES;
				CLANG_WARN_OBJC_ROOT_CLASS = YES_ERROR;
				CLANG_WARN_RANGE_LOOP_ANALYSIS = YES;
				CLANG_WARN_STRICT_PROTOTYPES = YES;
				CLANG_WARN_SUSPICIOUS_MOVE = YES;
				CLANG_WARN_UNGUARDED_AVAILABILITY = YES_AGGRESSIVE;
				CLANG_WARN_UNREACHABLE_CODE = YES;
				CLANG_WARN__DUPLICATE_METHOD_MATCH = YES;
				COPY_PHASE_STRIP = NO;
				DEBUG_INFORMATION_FORMAT = "dwarf-with-dsym";
				ENABLE_NS_ASSERTIONS = NO;
				ENABLE_STRICT_OBJC_MSGSEND = YES;
				GCC_C_LANGUAGE_STANDARD = gnu11;
				GCC_NO_COMMON_BLOCKS = YES;
				GCC_WARN_64_TO_32_BIT_CONVERSION = YES;
				GCC_WARN_ABOUT_RETURN_TYPE = YES_ERROR;
				GCC_WARN_UNDECLARED_SELECTOR = YES;
				GCC_WARN_UNINITIALIZED_AUTOS = YES_AGGRESSIVE;
				GCC_WARN_UNUSED_FUNCTION = YES;
				GCC_WARN_UNUSED_VARIABLE = YES;
				IPHONEOS_DEPLOYMENT_TARGET = 13.4;
				MTL_ENABLE_DEBUG_INFO = NO;
				MTL_FAST_MATH = YES;
				SDKROOT = iphoneos;
				SWIFT_COMPILATION_MODE = wholemodule;
				SWIFT_OPTIMIZATION_LEVEL = "-O";
				VALIDATE_PRODUCT = YES;
			};
			name = Release;
		};
		5BA9D0362467011C005F8A6E /* Debug */ = {
			isa = XCBuildConfiguration;
			baseConfigurationReference = F54BB9DBD72007A96E1D297E /* Pods-MeliChallenge.debug.xcconfig */;
			buildSettings = {
				ASSETCATALOG_COMPILER_APPICON_NAME = AppIcon;
				CODE_SIGN_STYLE = Automatic;
				DEVELOPMENT_TEAM = 7A47MGPH88;
				INFOPLIST_FILE = MeliChallenge/Info.plist;
				LD_RUNPATH_SEARCH_PATHS = (
					"$(inherited)",
					"@executable_path/Frameworks",
				);
				PRODUCT_BUNDLE_IDENTIFIER = ar.com.victory.MeliChallenge;
				PRODUCT_NAME = "$(TARGET_NAME)";
				SWIFT_VERSION = 5.0;
				TARGETED_DEVICE_FAMILY = "1,2";
			};
			name = Debug;
		};
		5BA9D0372467011C005F8A6E /* Release */ = {
			isa = XCBuildConfiguration;
			baseConfigurationReference = 1D41588AF9C6B6B3BEC6D7A7 /* Pods-MeliChallenge.release.xcconfig */;
			buildSettings = {
				ASSETCATALOG_COMPILER_APPICON_NAME = AppIcon;
				CODE_SIGN_STYLE = Automatic;
				DEVELOPMENT_TEAM = 7A47MGPH88;
				INFOPLIST_FILE = MeliChallenge/Info.plist;
				LD_RUNPATH_SEARCH_PATHS = (
					"$(inherited)",
					"@executable_path/Frameworks",
				);
				PRODUCT_BUNDLE_IDENTIFIER = ar.com.victory.MeliChallenge;
				PRODUCT_NAME = "$(TARGET_NAME)";
				SWIFT_VERSION = 5.0;
				TARGETED_DEVICE_FAMILY = "1,2";
			};
			name = Release;
		};
		5BA9D0392467011C005F8A6E /* Debug */ = {
			isa = XCBuildConfiguration;
			baseConfigurationReference = 11B8526C9F67D2476101D4D0 /* Pods-MeliChallengeTests.debug.xcconfig */;
			buildSettings = {
				ALWAYS_EMBED_SWIFT_STANDARD_LIBRARIES = YES;
				BUNDLE_LOADER = "$(TEST_HOST)";
				CODE_SIGN_STYLE = Automatic;
				DEVELOPMENT_TEAM = 7A47MGPH88;
				INFOPLIST_FILE = MeliChallengeTests/Info.plist;
				IPHONEOS_DEPLOYMENT_TARGET = 13.4;
				LD_RUNPATH_SEARCH_PATHS = (
					"$(inherited)",
					"@executable_path/Frameworks",
					"@loader_path/Frameworks",
				);
				PRODUCT_BUNDLE_IDENTIFIER = ar.com.victory.MeliChallengeTests;
				PRODUCT_NAME = "$(TARGET_NAME)";
				SWIFT_VERSION = 5.0;
				TARGETED_DEVICE_FAMILY = "1,2";
				TEST_HOST = "$(BUILT_PRODUCTS_DIR)/MeliChallenge.app/MeliChallenge";
			};
			name = Debug;
		};
		5BA9D03A2467011C005F8A6E /* Release */ = {
			isa = XCBuildConfiguration;
			baseConfigurationReference = 53B195EC66BD4594E182BB7C /* Pods-MeliChallengeTests.release.xcconfig */;
			buildSettings = {
				ALWAYS_EMBED_SWIFT_STANDARD_LIBRARIES = YES;
				BUNDLE_LOADER = "$(TEST_HOST)";
				CODE_SIGN_STYLE = Automatic;
				DEVELOPMENT_TEAM = 7A47MGPH88;
				INFOPLIST_FILE = MeliChallengeTests/Info.plist;
				IPHONEOS_DEPLOYMENT_TARGET = 13.4;
				LD_RUNPATH_SEARCH_PATHS = (
					"$(inherited)",
					"@executable_path/Frameworks",
					"@loader_path/Frameworks",
				);
				PRODUCT_BUNDLE_IDENTIFIER = ar.com.victory.MeliChallengeTests;
				PRODUCT_NAME = "$(TARGET_NAME)";
				SWIFT_VERSION = 5.0;
				TARGETED_DEVICE_FAMILY = "1,2";
				TEST_HOST = "$(BUILT_PRODUCTS_DIR)/MeliChallenge.app/MeliChallenge";
			};
			name = Release;
		};
/* End XCBuildConfiguration section */

/* Begin XCConfigurationList section */
		5BA9D0112467011B005F8A6E /* Build configuration list for PBXProject "MeliChallenge" */ = {
			isa = XCConfigurationList;
			buildConfigurations = (
				5BA9D0332467011C005F8A6E /* Debug */,
				5BA9D0342467011C005F8A6E /* Release */,
			);
			defaultConfigurationIsVisible = 0;
			defaultConfigurationName = Release;
		};
		5BA9D0352467011C005F8A6E /* Build configuration list for PBXNativeTarget "MeliChallenge" */ = {
			isa = XCConfigurationList;
			buildConfigurations = (
				5BA9D0362467011C005F8A6E /* Debug */,
				5BA9D0372467011C005F8A6E /* Release */,
			);
			defaultConfigurationIsVisible = 0;
			defaultConfigurationName = Release;
		};
		5BA9D0382467011C005F8A6E /* Build configuration list for PBXNativeTarget "MeliChallengeTests" */ = {
			isa = XCConfigurationList;
			buildConfigurations = (
				5BA9D0392467011C005F8A6E /* Debug */,
				5BA9D03A2467011C005F8A6E /* Release */,
			);
			defaultConfigurationIsVisible = 0;
			defaultConfigurationName = Release;
		};
/* End XCConfigurationList section */
	};
	rootObject = 5BA9D00E2467011B005F8A6E /* Project object */;
}
